
Microsoft Visual Studio Solution File, Format Version 12.00
# Visual Studio Version 17
VisualStudioVersion = 17.6.33829.357
MinimumVisualStudioVersion = 10.0.40219.1
Project("{FAE04EC0-301F-11D3-BF4B-00C04F79EFBC}") = "AnOrderApp", "AnOrderApp\AnOrderApp.csproj", "{3EC03944-9B28-4201-9C3B-D1FC41806953}"
EndProject
Global
	GlobalSection(SolutionConfigurationPlatforms) = preSolution
		Debug|Any CPU = Debug|Any CPU
		Release|Any CPU = Release|Any CPU
	EndGlobalSection
	GlobalSection(ProjectConfigurationPlatforms) = postSolution
		{3EC03944-9B28-4201-9C3B-D1FC41806953}.Debug|Any CPU.ActiveCfg = Debug|Any CPU
		{3EC03944-9B28-4201-9C3B-D1FC41806953}.Debug|Any CPU.Build.0 = Debug|Any CPU
		{3EC03944-9B28-4201-9C3B-D1FC41806953}.Release|Any CPU.ActiveCfg = Release|Any CPU
		{3EC03944-9B28-4201-9C3B-D1FC41806953}.Release|Any CPU.Build.0 = Release|Any CPU
	EndGlobalSection
	GlobalSection(SolutionProperties) = preSolution
		HideSolutionNode = FALSE
	EndGlobalSection
	GlobalSection(ExtensibilityGlobals) = postSolution
		SolutionGuid = {0F4DB499-DE09-4D8B-99A3-A91DFBBDEDDD}
	EndGlobalSection
EndGlobal
